
Microsoft Visual Studio Solution File, Format Version 12.00
# Visual Studio Version 16
VisualStudioVersion = 16.0.30804.86
MinimumVisualStudioVersion = 10.0.40219.1
Project("{FAE04EC0-301F-11D3-BF4B-00C04F79EFBC}") = "Entities", "Entities\Entities.csproj", "{9971B17D-A3B5-41CD-A904-EA7A5C73F0B7}"
EndProject
Project("{FAE04EC0-301F-11D3-BF4B-00C04F79EFBC}") = "Business", "Business\Business.csproj", "{5F6AEF43-61F5-4792-B5B7-7601DA64D16A}"
EndProject
Project("{FAE04EC0-301F-11D3-BF4B-00C04F79EFBC}") = "DataAccess", "DataAccess\DataAccess.csproj", "{EC649E29-EA8F-4A75-A69D-151A3DB5B451}"
EndProject
Project("{FAE04EC0-301F-11D3-BF4B-00C04F79EFBC}") = "ConsoleUI", "ConsoleUI\ConsoleUI.csproj", "{4D0533DA-BDF3-4624-A6B2-0440250DFF4A}"
EndProject
Global
	GlobalSection(SolutionConfigurationPlatforms) = preSolution
		Debug|Any CPU = Debug|Any CPU
		Release|Any CPU = Release|Any CPU
	EndGlobalSection
	GlobalSection(ProjectConfigurationPlatforms) = postSolution
		{9971B17D-A3B5-41CD-A904-EA7A5C73F0B7}.Debug|Any CPU.ActiveCfg = Debug|Any CPU
		{9971B17D-A3B5-41CD-A904-EA7A5C73F0B7}.Debug|Any CPU.Build.0 = Debug|Any CPU
		{9971B17D-A3B5-41CD-A904-EA7A5C73F0B7}.Release|Any CPU.ActiveCfg = Release|Any CPU
		{9971B17D-A3B5-41CD-A904-EA7A5C73F0B7}.Release|Any CPU.Build.0 = Release|Any CPU
		{5F6AEF43-61F5-4792-B5B7-7601DA64D16A}.Debug|Any CPU.ActiveCfg = Debug|Any CPU
		{5F6AEF43-61F5-4792-B5B7-7601DA64D16A}.Debug|Any CPU.Build.0 = Debug|Any CPU
		{5F6AEF43-61F5-4792-B5B7-7601DA64D16A}.Release|Any CPU.ActiveCfg = Release|Any CPU
		{5F6AEF43-61F5-4792-B5B7-7601DA64D16A}.Release|Any CPU.Build.0 = Release|Any CPU
		{EC649E29-EA8F-4A75-A69D-151A3DB5B451}.Debug|Any CPU.ActiveCfg = Debug|Any CPU
		{EC649E29-EA8F-4A75-A69D-151A3DB5B451}.Debug|Any CPU.Build.0 = Debug|Any CPU
		{EC649E29-EA8F-4A75-A69D-151A3DB5B451}.Release|Any CPU.ActiveCfg = Release|Any CPU
		{EC649E29-EA8F-4A75-A69D-151A3DB5B451}.Release|Any CPU.Build.0 = Release|Any CPU
		{4D0533DA-BDF3-4624-A6B2-0440250DFF4A}.Debug|Any CPU.ActiveCfg = Debug|Any CPU
		{4D0533DA-BDF3-4624-A6B2-0440250DFF4A}.Debug|Any CPU.Build.0 = Debug|Any CPU
		{4D0533DA-BDF3-4624-A6B2-0440250DFF4A}.Release|Any CPU.ActiveCfg = Release|Any CPU
		{4D0533DA-BDF3-4624-A6B2-0440250DFF4A}.Release|Any CPU.Build.0 = Release|Any CPU
	EndGlobalSection
	GlobalSection(SolutionProperties) = preSolution
		HideSolutionNode = FALSE
	EndGlobalSection
	GlobalSection(ExtensibilityGlobals) = postSolution
		SolutionGuid = {642F2248-3443-4614-A59B-AA373AE4A21B}
	EndGlobalSection
EndGlobal
